
Microsoft Visual Studio Solution File, Format Version 12.00
# Visual Studio Version 16
VisualStudioVersion = 16.0.30413.136
MinimumVisualStudioVersion = 10.0.40219.1
Project("{FAE04EC0-301F-11D3-BF4B-00C04F79EFBC}") = "bai 4", "bai 4\bai 4.csproj", "{C6CE0E5D-EDE1-47E5-A1A1-9E0473CBC48B}"
EndProject
Global
	GlobalSection(SolutionConfigurationPlatforms) = preSolution
		Debug|Any CPU = Debug|Any CPU
		Release|Any CPU = Release|Any CPU
	EndGlobalSection
	GlobalSection(ProjectConfigurationPlatforms) = postSolution
		{C6CE0E5D-EDE1-47E5-A1A1-9E0473CBC48B}.Debug|Any CPU.ActiveCfg = Debug|Any CPU
		{C6CE0E5D-EDE1-47E5-A1A1-9E0473CBC48B}.Debug|Any CPU.Build.0 = Debug|Any CPU
		{C6CE0E5D-EDE1-47E5-A1A1-9E0473CBC48B}.Release|Any CPU.ActiveCfg = Release|Any CPU
		{C6CE0E5D-EDE1-47E5-A1A1-9E0473CBC48B}.Release|Any CPU.Build.0 = Release|Any CPU
	EndGlobalSection
	GlobalSection(SolutionProperties) = preSolution
		HideSolutionNode = FALSE
	EndGlobalSection
	GlobalSection(ExtensibilityGlobals) = postSolution
		SolutionGuid = {1D24DD89-874E-48A4-8EE6-70974A8DE1B8}
	EndGlobalSection
EndGlobal
